// !$*UTF8*$!
{
	archiveVersion = 1;
	classes = {
	};
	objectVersion = 46;
	objects = {

/* Begin PBXBuildFile section */
		06821B1F1BE479B000BA4492 /* AppDelegate.swift in Sources */ = {isa = PBXBuildFile; fileRef = 06821B1E1BE479B000BA4492 /* AppDelegate.swift */; };
		06821B211BE479B000BA4492 /* ViewController.swift in Sources */ = {isa = PBXBuildFile; fileRef = 06821B201BE479B000BA4492 /* ViewController.swift */; };
		06821B241BE479B000BA4492 /* Main.storyboard in Resources */ = {isa = PBXBuildFile; fileRef = 06821B221BE479B000BA4492 /* Main.storyboard */; };
		06821B261BE479B000BA4492 /* Assets.xcassets in Resources */ = {isa = PBXBuildFile; fileRef = 06821B251BE479B000BA4492 /* Assets.xcassets */; };
		06821B291BE479B000BA4492 /* LaunchScreen.storyboard in Resources */ = {isa = PBXBuildFile; fileRef = 06821B271BE479B000BA4492 /* LaunchScreen.storyboard */; };
/* End PBXBuildFile section */

/* Begin PBXFileReference section */
		06821B1B1BE479B000BA4492 /* sample07-02.app */ = {isa = PBXFileReference; explicitFileType = wrapper.application; includeInIndex = 0; path = "sample07-02.app"; sourceTree = BUILT_PRODUCTS_DIR; };
		06821B1E1BE479B000BA4492 /* AppDelegate.swift */ = {isa = PBXFileReference; lastKnownFileType = sourcecode.swift; path = AppDelegate.swift; sourceTree = "<group>"; };
		06821B201BE479B000BA4492 /* ViewController.swift */ = {isa = PBXFileReference; lastKnownFileType = sourcecode.swift; path = ViewController.swift; sourceTree = "<group>"; };
		06821B231BE479B000BA4492 /* Base */ = {isa = PBXFileReference; lastKnownFileType = file.storyboard; name = Base; path = Base.lproj/Main.storyboard; sourceTree = "<group>"; };
		06821B251BE479B000BA4492 /* Assets.xcassets */ = {isa = PBXFileReference; lastKnownFileType = folder.assetcatalog; path = Assets.xcassets; sourceTree = "<group>"; };
		06821B281BE479B000BA4492 /* Base */ = {isa = PBXFileReference; lastKnownFileType = file.storyboard; name = Base; path = Base.lproj/LaunchScreen.storyboard; sourceTree = "<group>"; };
		06821B2A1BE479B000BA4492 /* Info.plist */ = {isa = PBXFileReference; lastKnownFileType = text.plist.xml; path = Info.plist; sourceTree = "<group>"; };
/* End PBXFileReference section */

/* Begin PBXFrameworksBuildPhase section */
		06821B181BE479B000BA4492 /* Frameworks */ = {
			isa = PBXFrameworksBuildPhase;
			buildActionMask = 2147483647;
			files = (
			);
			runOnlyForDeploymentPostprocessing = 0;
		};
/* End PBXFrameworksBuildPhase section */

/* Begin PBXGroup section */
		06821B121BE479B000BA4492 = {
			isa = PBXGroup;
			children = (
				06821B1D1BE479B000BA4492 /* sample07-02 */,
				06821B1C1BE479B000BA4492 /* Products */,
			);
			sourceTree = "<group>";
		};
		06821B1C1BE479B000BA4492 /* Products */ = {
			isa = PBXGroup;
			children = (
				06821B1B1BE479B000BA4492 /* sample07-02.app */,
			);
			name = Products;
			sourceTree = "<group>";
		};
		06821B1D1BE479B000BA4492 /* sample07-02 */ = {
			isa = PBXGroup;
			children = (
				06821B1E1BE479B000BA4492 /* AppDelegate.swift */,
				06821B201BE479B000BA4492 /* ViewController.swift */,
				06821B221BE479B000BA4492 /* Main.storyboard */,
				06821B251BE479B000BA4492 /* Assets.xcassets */,
				06821B271BE479B000BA4492 /* LaunchScreen.storyboard */,
				06821B2A1BE479B000BA4492 /* Info.plist */,
			);
			path = "sample07-02";
			sourceTree = "<group>";
		};
/* End PBXGroup section */

/* Begin PBXNativeTarget section */
		06821B1A1BE479B000BA4492 /* sample07-02 */ = {
			isa = PBXNativeTarget;
			buildConfigurationList = 06821B2D1BE479B000BA4492 /* Build configuration list for PBXNativeTarget "sample07-02" */;
			buildPhases = (
				06821B171BE479B000BA4492 /* Sources */,
				06821B181BE479B000BA4492 /* Frameworks */,
				06821B191BE479B000BA4492 /* Resources */,
			);
			buildRules = (
			);
			dependencies = (
			);
			name = "sample07-02";
			productName = "sample07-02";
			productReference = 06821B1B1BE479B000BA4492 /* sample07-02.app */;
			productType = "com.apple.product-type.application";
		};
/* End PBXNativeTarget section */

/* Begin PBXProject section */
		06821B131BE479B000BA4492 /* Project object */ = {
			isa = PBXProject;
			attributes = {
				LastSwiftUpdateCheck = 0710;
				LastUpgradeCheck = 0710;
				ORGANIZATIONNAME = "norimitsu kawai";
				TargetAttributes = {
					06821B1A1BE479B000BA4492 = {
						CreatedOnToolsVersion = 7.1;
					};
				};
			};
			buildConfigurationList = 06821B161BE479B000BA4492 /* Build configuration list for PBXProject "sample07-02" */;
			compatibilityVersion = "Xcode 3.2";
			developmentRegion = English;
			hasScannedForEncodings = 0;
			knownRegions = (
				en,
				Base,
			);
			mainGroup = 06821B121BE479B000BA4492;
			productRefGroup = 06821B1C1BE479B000BA4492 /* Products */;
			projectDirPath = "";
			projectRoot = "";
			targets = (
				06821B1A1BE479B000BA4492 /* sample07-02 */,
			);
		};
/* End PBXProject section */

/* Begin PBXResourcesBuildPhase section */
		06821B191BE479B000BA4492 /* Resources */ = {
			isa = PBXResourcesBuildPhase;
			buildActionMask = 2147483647;
			files = (
				06821B291BE479B000BA4492 /* LaunchScreen.storyboard in Resources */,
				06821B261BE479B000BA4492 /* Assets.xcassets in Resources */,
				06821B241BE479B000BA4492 /* Main.storyboard in Resources */,
			);
			runOnlyForDeploymentPostprocessing = 0;
		};
/* End PBXResourcesBuildPhase section */

/* Begin PBXSourcesBuildPhase section */
		06821B171BE479B000BA4492 /* Sources */ = {
			isa = PBXSourcesBuildPhase;
			buildActionMask = 2147483647;
			files = (
				06821B211BE479B000BA4492 /* ViewController.swift in Sources */,
				06821B1F1BE479B000BA4492 /* AppDelegate.swift in Sources */,
			);
			runOnlyForDeploymentPostprocessing = 0;
		};
/* End PBXSourcesBuildPhase section */

/* Begin PBXVariantGroup section */
		06821B221BE479B000BA4492 /* Main.storyboard */ = {
			isa = PBXVariantGroup;
			children = (
				06821B231BE479B000BA4492 /* Base */,
			);
			name = Main.storyboard;
			sourceTree = "<group>";
		};
		06821B271BE479B000BA4492 /* LaunchScreen.storyboard */ = {
			isa = PBXVariantGroup;
			children = (
				06821B281BE479B000BA4492 /* Base */,
			);
			name = LaunchScreen.storyboard;
			sourceTree = "<group>";
		};
/* End PBXVariantGroup section */

/* Begin XCBuildConfiguration section */
		06821B2B1BE479B000BA4492 /* Debug */ = {
			isa = XCBuildConfiguration;
			buildSettings = {
				ALWAYS_SEARCH_USER_PATHS = NO;
				CLANG_CXX_LANGUAGE_STANDARD = "gnu++0x";
				CLANG_CXX_LIBRARY = "libc++";
				CLANG_ENABLE_MODULES = YES;
				CLANG_ENABLE_OBJC_ARC = YES;
				CLANG_WARN_BOOL_CONVERSION = YES;
				CLANG_WARN_CONSTANT_CONVERSION = YES;
				CLANG_WARN_DIRECT_OBJC_ISA_USAGE = YES_ERROR;
				CLANG_WARN_EMPTY_BODY = YES;
				CLANG_WARN_ENUM_CONVERSION = YES;
				CLANG_WARN_INT_CONVERSION = YES;
				CLANG_WARN_OBJC_ROOT_CLASS = YES_ERROR;
				CLANG_WARN_UNREACHABLE_CODE = YES;
				CLANG_WARN__DUPLICATE_METHOD_MATCH = YES;
				"CODE_SIGN_IDENTITY[sdk=iphoneos*]" = "iPhone Developer";
				COPY_PHASE_STRIP = NO;
				DEBUG_INFORMATION_FORMAT = dwarf;
				ENABLE_STRICT_OBJC_MSGSEND = YES;
				ENABLE_TESTABILITY = YES;
				GCC_C_LANGUAGE_STANDARD = gnu99;
				GCC_DYNAMIC_NO_PIC = NO;
				GCC_NO_COMMON_BLOCKS = YES;
				GCC_OPTIMIZATION_LEVEL = 0;
				GCC_PREPROCESSOR_DEFINITIONS = (
					"DEBUG=1",
					"$(inherited)",
				);
				GCC_WARN_64_TO_32_BIT_CONVERSION = YES;
				GCC_WARN_ABOUT_RETURN_TYPE = YES_ERROR;
				GCC_WARN_UNDECLARED_SELECTOR = YES;
				GCC_WARN_UNINITIALIZED_AUTOS = YES_AGGRESSIVE;
				GCC_WARN_UNUSED_FUNCTION = YES;
				GCC_WARN_UNUSED_VARIABLE = YES;
				IPHONEOS_DEPLOYMENT_TARGET = 9.1;
				MTL_ENABLE_DEBUG_INFO = YES;
				ONLY_ACTIVE_ARCH = YES;
				SDKROOT = iphoneos;
				SWIFT_OPTIMIZATION_LEVEL = "-Onone";
			};
			name = Debug;
		};
		06821B2C1BE479B000BA4492 /* Release */ = {
			isa = XCBuildConfiguration;
			buildSettings = {
				ALWAYS_SEARCH_USER_PATHS = NO;
				CLANG_CXX_LANGUAGE_STANDARD = "gnu++0x";
				CLANG_CXX_LIBRARY = "libc++";
				CLANG_ENABLE_MODULES = YES;
				CLANG_ENABLE_OBJC_ARC = YES;
				CLANG_WARN_BOOL_CONVERSION = YES;
				CLANG_WARN_CONSTANT_CONVERSION = YES;
				CLANG_WARN_DIRECT_OBJC_ISA_USAGE = YES_ERROR;
				CLANG_WARN_EMPTY_BODY = YES;
				CLANG_WARN_ENUM_CONVERSION = YES;
				CLANG_WARN_INT_CONVERSION = YES;
				CLANG_WARN_OBJC_ROOT_CLASS = YES_ERROR;
				CLANG_WARN_UNREACHABLE_CODE = YES;
				CLANG_WARN__DUPLICATE_METHOD_MATCH = YES;
				"CODE_SIGN_IDENTITY[sdk=iphoneos*]" = "iPhone Developer";
				COPY_PHASE_STRIP = NO;
				DEBUG_INFORMATION_FORMAT = "dwarf-with-dsym";
				ENABLE_NS_ASSERTIONS = NO;
				ENABLE_STRICT_OBJC_MSGSEND = YES;
				GCC_C_LANGUAGE_STANDARD = gnu99;
				GCC_NO_COMMON_BLOCKS = YES;
				GCC_WARN_64_TO_32_BIT_CONVERSION = YES;
				GCC_WARN_ABOUT_RETURN_TYPE = YES_ERROR;
				GCC_WARN_UNDECLARED_SELECTOR = YES;
				GCC_WARN_UNINITIALIZED_AUTOS = YES_AGGRESSIVE;
				GCC_WARN_UNUSED_FUNCTION = YES;
				GCC_WARN_UNUSED_VARIABLE = YES;
				IPHONEOS_DEPLOYMENT_TARGET = 9.1;
				MTL_ENABLE_DEBUG_INFO = NO;
				SDKROOT = iphoneos;
				VALIDATE_PRODUCT = YES;
			};
			name = Release;
		};
		06821B2E1BE479B000BA4492 /* Debug */ = {
			isa = XCBuildConfiguration;
			buildSettings = {
				ASSETCATALOG_COMPILER_APPICON_NAME = AppIcon;
				INFOPLIST_FILE = "sample07-02/Info.plist";
				IPHONEOS_DEPLOYMENT_TARGET = 9.0;
				LD_RUNPATH_SEARCH_PATHS = "$(inherited) @executable_path/Frameworks";
				PRODUCT_BUNDLE_IDENTIFIER = "com.kawaidesu.sample07-02";
				PRODUCT_NAME = "$(TARGET_NAME)";
			};
			name = Debug;
		};
		06821B2F1BE479B000BA4492 /* Release */ = {
			isa = XCBuildConfiguration;
			buildSettings = {
				ASSETCATALOG_COMPILER_APPICON_NAME = AppIcon;
				INFOPLIST_FILE = "sample07-02/Info.plist";
				IPHONEOS_DEPLOYMENT_TARGET = 9.0;
				LD_RUNPATH_SEARCH_PATHS = "$(inherited) @executable_path/Frameworks";
				PRODUCT_BUNDLE_IDENTIFIER = "com.kawaidesu.sample07-02";
				PRODUCT_NAME = "$(TARGET_NAME)";
			};
			name = Release;
		};
/* End XCBuildConfiguration section */

/* Begin XCConfigurationList section */
		06821B161BE479B000BA4492 /* Build configuration list for PBXProject "sample07-02" */ = {
			isa = XCConfigurationList;
			buildConfigurations = (
				06821B2B1BE479B000BA4492 /* Debug */,
				06821B2C1BE479B000BA4492 /* Release */,
			);
			defaultConfigurationIsVisible = 0;
			defaultConfigurationName = Release;
		};
		06821B2D1BE479B000BA4492 /* Build configuration list for PBXNativeTarget "sample07-02" */ = {
			isa = XCConfigurationList;
			buildConfigurations = (
				06821B2E1BE479B000BA4492 /* Debug */,
				06821B2F1BE479B000BA4492 /* Release */,
			);
			defaultConfigurationIsVisible = 0;
		};
/* End XCConfigurationList section */
	};
	rootObject = 06821B131BE479B000BA4492 /* Project object */;
}
